Microsoft Visual Studio Solution File, Format Version 12.00
# Visual Studio Version 17
VisualStudioVersion = 17.5.2.0
MinimumVisualStudioVersion = 10.0.40219.1
Project("{FAE04EC0-301F-11D3-BF4B-00C04F79EFBC}") = "DepoYonetimSistemi", "DepoYonetimSistemi.csproj", "{55B44D2C-9C7C-FA79-8D20-191E824ABC51}"
EndProject
Global
	GlobalSection(SolutionConfigurationPlatforms) = preSolution
		Debug|Any CPU = Debug|Any CPU
		Release|Any CPU = Release|Any CPU
	EndGlobalSection
	GlobalSection(ProjectConfigurationPlatforms) = postSolution
		{55B44D2C-9C7C-FA79-8D20-191E824ABC51}.Debug|Any CPU.ActiveCfg = Debug|Any CPU
		{55B44D2C-9C7C-FA79-8D20-191E824ABC51}.Debug|Any CPU.Build.0 = Debug|Any CPU
		{55B44D2C-9C7C-FA79-8D20-191E824ABC51}.Release|Any CPU.ActiveCfg = Release|Any CPU
		{55B44D2C-9C7C-FA79-8D20-191E824ABC51}.Release|Any CPU.Build.0 = Release|Any CPU
	EndGlobalSection
	GlobalSection(SolutionProperties) = preSolution
		HideSolutionNode = FALSE
	EndGlobalSection
	GlobalSection(ExtensibilityGlobals) = postSolution
		SolutionGuid = {2D57FAB9-A5D1-4AE9-A944-698663E0500F}
	EndGlobalSection
EndGlobal
